
Microsoft Visual Studio Solution File, Format Version 12.00
# Visual Studio Version 17
VisualStudioVersion = 17.9.34723.18
MinimumVisualStudioVersion = 10.0.40219.1
Project("{FAE04EC0-301F-11D3-BF4B-00C04F79EFBC}") = "notas1", "notas1\notas1.csproj", "{E9702EEC-48D0-4587-877D-7BB9E77B4FE6}"
EndProject
Global
	GlobalSection(SolutionConfigurationPlatforms) = preSolution
		Debug|Any CPU = Debug|Any CPU
		Release|Any CPU = Release|Any CPU
	EndGlobalSection
	GlobalSection(ProjectConfigurationPlatforms) = postSolution
		{E9702EEC-48D0-4587-877D-7BB9E77B4FE6}.Debug|Any CPU.ActiveCfg = Debug|Any CPU
		{E9702EEC-48D0-4587-877D-7BB9E77B4FE6}.Debug|Any CPU.Build.0 = Debug|Any CPU
		{E9702EEC-48D0-4587-877D-7BB9E77B4FE6}.Release|Any CPU.ActiveCfg = Release|Any CPU
		{E9702EEC-48D0-4587-877D-7BB9E77B4FE6}.Release|Any CPU.Build.0 = Release|Any CPU
	EndGlobalSection
	GlobalSection(SolutionProperties) = preSolution
		HideSolutionNode = FALSE
	EndGlobalSection
	GlobalSection(ExtensibilityGlobals) = postSolution
		SolutionGuid = {8C816847-E0CA-4B8F-8713-3B542E43B52B}
	EndGlobalSection
EndGlobal
