
Microsoft Visual Studio Solution File, Format Version 12.00
# Visual Studio Version 17
VisualStudioVersion = 17.9.34723.18
MinimumVisualStudioVersion = 10.0.40219.1
Project("{FAE04EC0-301F-11D3-BF4B-00C04F79EFBC}") = "pontos", "pontos\pontos.csproj", "{B3A1D9B1-3175-426E-A397-6EDAD8A23A87}"
EndProject
Global
	GlobalSection(SolutionConfigurationPlatforms) = preSolution
		Debug|Any CPU = Debug|Any CPU
		Release|Any CPU = Release|Any CPU
	EndGlobalSection
	GlobalSection(ProjectConfigurationPlatforms) = postSolution
		{B3A1D9B1-3175-426E-A397-6EDAD8A23A87}.Debug|Any CPU.ActiveCfg = Debug|Any CPU
		{B3A1D9B1-3175-426E-A397-6EDAD8A23A87}.Debug|Any CPU.Build.0 = Debug|Any CPU
		{B3A1D9B1-3175-426E-A397-6EDAD8A23A87}.Release|Any CPU.ActiveCfg = Release|Any CPU
		{B3A1D9B1-3175-426E-A397-6EDAD8A23A87}.Release|Any CPU.Build.0 = Release|Any CPU
	EndGlobalSection
	GlobalSection(SolutionProperties) = preSolution
		HideSolutionNode = FALSE
	EndGlobalSection
	GlobalSection(ExtensibilityGlobals) = postSolution
		SolutionGuid = {E144B828-AB11-4D77-8F3A-72303F18502A}
	EndGlobalSection
EndGlobal
